
Microsoft Visual Studio Solution File, Format Version 12.00
# Visual Studio Version 17
VisualStudioVersion = 17.2.32516.85
MinimumVisualStudioVersion = 10.0.40219.1
Project("{FAE04EC0-301F-11D3-BF4B-00C04F79EFBC}") = "calendar-matrix", "calendar-matrix\calendar-matrix.csproj", "{A260803D-D54F-4678-9E64-CA19040FFD2A}"
EndProject
Project("{FAE04EC0-301F-11D3-BF4B-00C04F79EFBC}") = "Kmh.UnitTests", "UnitTests\Kmh.UnitTests.csproj", "{5021F93E-2784-4D93-9C76-4ABE0947FE44}"
EndProject
Global
	GlobalSection(SolutionConfigurationPlatforms) = preSolution
		Debug|Any CPU = Debug|Any CPU
		Release|Any CPU = Release|Any CPU
	EndGlobalSection
	GlobalSection(ProjectConfigurationPlatforms) = postSolution
		{A260803D-D54F-4678-9E64-CA19040FFD2A}.Debug|Any CPU.ActiveCfg = Debug|Any CPU
		{A260803D-D54F-4678-9E64-CA19040FFD2A}.Debug|Any CPU.Build.0 = Debug|Any CPU
		{A260803D-D54F-4678-9E64-CA19040FFD2A}.Release|Any CPU.ActiveCfg = Release|Any CPU
		{A260803D-D54F-4678-9E64-CA19040FFD2A}.Release|Any CPU.Build.0 = Release|Any CPU
		{5021F93E-2784-4D93-9C76-4ABE0947FE44}.Debug|Any CPU.ActiveCfg = Debug|Any CPU
		{5021F93E-2784-4D93-9C76-4ABE0947FE44}.Debug|Any CPU.Build.0 = Debug|Any CPU
		{5021F93E-2784-4D93-9C76-4ABE0947FE44}.Release|Any CPU.ActiveCfg = Release|Any CPU
		{5021F93E-2784-4D93-9C76-4ABE0947FE44}.Release|Any CPU.Build.0 = Release|Any CPU
	EndGlobalSection
	GlobalSection(SolutionProperties) = preSolution
		HideSolutionNode = FALSE
	EndGlobalSection
	GlobalSection(ExtensibilityGlobals) = postSolution
		SolutionGuid = {428B87D8-4583-4940-972A-52AA2A9B5762}
	EndGlobalSection
EndGlobal
